// !$*UTF8*$!
{
	archiveVersion = 1;
	classes = {
	};
	objectVersion = 55;
	objects = {

/* Begin PBXBuildFile section */
		3DADACEA28BCF5B7000BBC34 /* AppDelegate.swift in Sources */ = {isa = PBXBuildFile; fileRef = 3DADACE928BCF5B7000BBC34 /* AppDelegate.swift */; };
		3DADACEC28BCF5B7000BBC34 /* SceneDelegate.swift in Sources */ = {isa = PBXBuildFile; fileRef = 3DADACEB28BCF5B7000BBC34 /* SceneDelegate.swift */; };
		3DADACEE28BCF5B7000BBC34 /* ViewController.swift in Sources */ = {isa = PBXBuildFile; fileRef = 3DADACED28BCF5B7000BBC34 /* ViewController.swift */; };
		3DADACF128BCF5B7000BBC34 /* Main.storyboard in Resources */ = {isa = PBXBuildFile; fileRef = 3DADACEF28BCF5B7000BBC34 /* Main.storyboard */; };
		3DADACF328BCF5B7000BBC34 /* Assets.xcassets in Resources */ = {isa = PBXBuildFile; fileRef = 3DADACF228BCF5B7000BBC34 /* Assets.xcassets */; };
		3DADACF628BCF5B7000BBC34 /* LaunchScreen.storyboard in Resources */ = {isa = PBXBuildFile; fileRef = 3DADACF428BCF5B7000BBC34 /* LaunchScreen.storyboard */; };
		3DADAD0128BCF5B8000BBC34 /* StockRankTests.swift in Sources */ = {isa = PBXBuildFile; fileRef = 3DADAD0028BCF5B8000BBC34 /* StockRankTests.swift */; };
		3DADAD0B28BCF5B8000BBC34 /* StockRankUITests.swift in Sources */ = {isa = PBXBuildFile; fileRef = 3DADAD0A28BCF5B8000BBC34 /* StockRankUITests.swift */; };
		3DADAD0D28BCF5B8000BBC34 /* StockRankUITestsLaunchTests.swift in Sources */ = {isa = PBXBuildFile; fileRef = 3DADAD0C28BCF5B8000BBC34 /* StockRankUITestsLaunchTests.swift */; };
/* End PBXBuildFile section */

/* Begin PBXContainerItemProxy section */
		3DADACFD28BCF5B8000BBC34 /* PBXContainerItemProxy */ = {
			isa = PBXContainerItemProxy;
			containerPortal = 3DADACDE28BCF5B7000BBC34 /* Project object */;
			proxyType = 1;
			remoteGlobalIDString = 3DADACE528BCF5B7000BBC34;
			remoteInfo = StockRank;
		};
		3DADAD0728BCF5B8000BBC34 /* PBXContainerItemProxy */ = {
			isa = PBXContainerItemProxy;
			containerPortal = 3DADACDE28BCF5B7000BBC34 /* Project object */;
			proxyType = 1;
			remoteGlobalIDString = 3DADACE528BCF5B7000BBC34;
			remoteInfo = StockRank;
		};
/* End PBXContainerItemProxy section */

/* Begin PBXFileReference section */
		3DADACE628BCF5B7000BBC34 /* StockRank.app */ = {isa = PBXFileReference; explicitFileType = wrapper.application; includeInIndex = 0; path = StockRank.app; sourceTree = BUILT_PRODUCTS_DIR; };
		3DADACE928BCF5B7000BBC34 /* AppDelegate.swift */ = {isa = PBXFileReference; lastKnownFileType = sourcecode.swift; path = AppDelegate.swift; sourceTree = "<group>"; };
		3DADACEB28BCF5B7000BBC34 /* SceneDelegate.swift */ = {isa = PBXFileReference; lastKnownFileType = sourcecode.swift; path = SceneDelegate.swift; sourceTree = "<group>"; };
		3DADACED28BCF5B7000BBC34 /* ViewController.swift */ = {isa = PBXFileReference; lastKnownFileType = sourcecode.swift; path = ViewController.swift; sourceTree = "<group>"; };
		3DADACF028BCF5B7000BBC34 /* Base */ = {isa = PBXFileReference; lastKnownFileType = file.storyboard; name = Base; path = Base.lproj/Main.storyboard; sourceTree = "<group>"; };
		3DADACF228BCF5B7000BBC34 /* Assets.xcassets */ = {isa = PBXFileReference; lastKnownFileType = folder.assetcatalog; path = Assets.xcassets; sourceTree = "<group>"; };
		3DADACF528BCF5B7000BBC34 /* Base */ = {isa = PBXFileReference; lastKnownFileType = file.storyboard; name = Base; path = Base.lproj/LaunchScreen.storyboard; sourceTree = "<group>"; };
		3DADACF728BCF5B7000BBC34 /* Info.plist */ = {isa = PBXFileReference; lastKnownFileType = text.plist.xml; path = Info.plist; sourceTree = "<group>"; };
		3DADACFC28BCF5B8000BBC34 /* StockRankTests.xctest */ = {isa = PBXFileReference; explicitFileType = wrapper.cfbundle; includeInIndex = 0; path = StockRankTests.xctest; sourceTree = BUILT_PRODUCTS_DIR; };
		3DADAD0028BCF5B8000BBC34 /* StockRankTests.swift */ = {isa = PBXFileReference; lastKnownFileType = sourcecode.swift; path = StockRankTests.swift; sourceTree = "<group>"; };
		3DADAD0628BCF5B8000BBC34 /* StockRankUITests.xctest */ = {isa = PBXFileReference; explicitFileType = wrapper.cfbundle; includeInIndex = 0; path = StockRankUITests.xctest; sourceTree = BUILT_PRODUCTS_DIR; };
		3DADAD0A28BCF5B8000BBC34 /* StockRankUITests.swift */ = {isa = PBXFileReference; lastKnownFileType = sourcecode.swift; path = StockRankUITests.swift; sourceTree = "<group>"; };
		3DADAD0C28BCF5B8000BBC34 /* StockRankUITestsLaunchTests.swift */ = {isa = PBXFileReference; lastKnownFileType = sourcecode.swift; path = StockRankUITestsLaunchTests.swift; sourceTree = "<group>"; };
/* End PBXFileReference section */

/* Begin PBXFrameworksBuildPhase section */
		3DADACE328BCF5B7000BBC34 /* Frameworks */ = {
			isa = PBXFrameworksBuildPhase;
			buildActionMask = 2147483647;
			files = (
			);
			runOnlyForDeploymentPostprocessing = 0;
		};
		3DADACF928BCF5B8000BBC34 /* Frameworks */ = {
			isa = PBXFrameworksBuildPhase;
			buildActionMask = 2147483647;
			files = (
			);
			runOnlyForDeploymentPostprocessing = 0;
		};
		3DADAD0328BCF5B8000BBC34 /* Frameworks */ = {
			isa = PBXFrameworksBuildPhase;
			buildActionMask = 2147483647;
			files = (
			);
			runOnlyForDeploymentPostprocessing = 0;
		};
/* End PBXFrameworksBuildPhase section */

/* Begin PBXGroup section */
		3DADACDD28BCF5B7000BBC34 = {
			isa = PBXGroup;
			children = (
				3DADACE828BCF5B7000BBC34 /* StockRank */,
				3DADACFF28BCF5B8000BBC34 /* StockRankTests */,
				3DADAD0928BCF5B8000BBC34 /* StockRankUITests */,
				3DADACE728BCF5B7000BBC34 /* Products */,
			);
			sourceTree = "<group>";
		};
		3DADACE728BCF5B7000BBC34 /* Products */ = {
			isa = PBXGroup;
			children = (
				3DADACE628BCF5B7000BBC34 /* StockRank.app */,
				3DADACFC28BCF5B8000BBC34 /* StockRankTests.xctest */,
				3DADAD0628BCF5B8000BBC34 /* StockRankUITests.xctest */,
			);
			name = Products;
			sourceTree = "<group>";
		};
		3DADACE828BCF5B7000BBC34 /* StockRank */ = {
			isa = PBXGroup;
			children = (
				3DADACE928BCF5B7000BBC34 /* AppDelegate.swift */,
				3DADACEB28BCF5B7000BBC34 /* SceneDelegate.swift */,
				3DADACED28BCF5B7000BBC34 /* ViewController.swift */,
				3DADACEF28BCF5B7000BBC34 /* Main.storyboard */,
				3DADACF228BCF5B7000BBC34 /* Assets.xcassets */,
				3DADACF428BCF5B7000BBC34 /* LaunchScreen.storyboard */,
				3DADACF728BCF5B7000BBC34 /* Info.plist */,
			);
			path = StockRank;
			sourceTree = "<group>";
		};
		3DADACFF28BCF5B8000BBC34 /* StockRankTests */ = {
			isa = PBXGroup;
			children = (
				3DADAD0028BCF5B8000BBC34 /* StockRankTests.swift */,
			);
			path = StockRankTests;
			sourceTree = "<group>";
		};
		3DADAD0928BCF5B8000BBC34 /* StockRankUITests */ = {
			isa = PBXGroup;
			children = (
				3DADAD0A28BCF5B8000BBC34 /* StockRankUITests.swift */,
				3DADAD0C28BCF5B8000BBC34 /* StockRankUITestsLaunchTests.swift */,
			);
			path = StockRankUITests;
			sourceTree = "<group>";
		};
/* End PBXGroup section */

/* Begin PBXNativeTarget section */
		3DADACE528BCF5B7000BBC34 /* StockRank */ = {
			isa = PBXNativeTarget;
			buildConfigurationList = 3DADAD1028BCF5B8000BBC34 /* Build configuration list for PBXNativeTarget "StockRank" */;
			buildPhases = (
				3DADACE228BCF5B7000BBC34 /* Sources */,
				3DADACE328BCF5B7000BBC34 /* Frameworks */,
				3DADACE428BCF5B7000BBC34 /* Resources */,
			);
			buildRules = (
			);
			dependencies = (
			);
			name = StockRank;
			productName = StockRank;
			productReference = 3DADACE628BCF5B7000BBC34 /* StockRank.app */;
			productType = "com.apple.product-type.application";
		};
		3DADACFB28BCF5B8000BBC34 /* StockRankTests */ = {
			isa = PBXNativeTarget;
			buildConfigurationList = 3DADAD1328BCF5B8000BBC34 /* Build configuration list for PBXNativeTarget "StockRankTests" */;
			buildPhases = (
				3DADACF828BCF5B8000BBC34 /* Sources */,
				3DADACF928BCF5B8000BBC34 /* Frameworks */,
				3DADACFA28BCF5B8000BBC34 /* Resources */,
			);
			buildRules = (
			);
			dependencies = (
				3DADACFE28BCF5B8000BBC34 /* PBXTargetDependency */,
			);
			name = StockRankTests;
			productName = StockRankTests;
			productReference = 3DADACFC28BCF5B8000BBC34 /* StockRankTests.xctest */;
			productType = "com.apple.product-type.bundle.unit-test";
		};
		3DADAD0528BCF5B8000BBC34 /* StockRankUITests */ = {
			isa = PBXNativeTarget;
			buildConfigurationList = 3DADAD1628BCF5B8000BBC34 /* Build configuration list for PBXNativeTarget "StockRankUITests" */;
			buildPhases = (
				3DADAD0228BCF5B8000BBC34 /* Sources */,
				3DADAD0328BCF5B8000BBC34 /* Frameworks */,
				3DADAD0428BCF5B8000BBC34 /* Resources */,
			);
			buildRules = (
			);
			dependencies = (
				3DADAD0828BCF5B8000BBC34 /* PBXTargetDependency */,
			);
			name = StockRankUITests;
			productName = StockRankUITests;
			productReference = 3DADAD0628BCF5B8000BBC34 /* StockRankUITests.xctest */;
			productType = "com.apple.product-type.bundle.ui-testing";
		};
/* End PBXNativeTarget section */

/* Begin PBXProject section */
		3DADACDE28BCF5B7000BBC34 /* Project object */ = {
			isa = PBXProject;
			attributes = {
				BuildIndependentTargetsInParallel = 1;
				LastSwiftUpdateCheck = 1340;
				LastUpgradeCheck = 1340;
				TargetAttributes = {
					3DADACE528BCF5B7000BBC34 = {
						CreatedOnToolsVersion = 13.4.1;
					};
					3DADACFB28BCF5B8000BBC34 = {
						CreatedOnToolsVersion = 13.4.1;
						TestTargetID = 3DADACE528BCF5B7000BBC34;
					};
					3DADAD0528BCF5B8000BBC34 = {
						CreatedOnToolsVersion = 13.4.1;
						TestTargetID = 3DADACE528BCF5B7000BBC34;
					};
				};
			};
			buildConfigurationList = 3DADACE128BCF5B7000BBC34 /* Build configuration list for PBXProject "StockRank" */;
			compatibilityVersion = "Xcode 13.0";
			developmentRegion = en;
			hasScannedForEncodings = 0;
			knownRegions = (
				en,
				Base,
			);
			mainGroup = 3DADACDD28BCF5B7000BBC34;
			productRefGroup = 3DADACE728BCF5B7000BBC34 /* Products */;
			projectDirPath = "";
			projectRoot = "";
			targets = (
				3DADACE528BCF5B7000BBC34 /* StockRank */,
				3DADACFB28BCF5B8000BBC34 /* StockRankTests */,
				3DADAD0528BCF5B8000BBC34 /* StockRankUITests */,
			);
		};
/* End PBXProject section */

/* Begin PBXResourcesBuildPhase section */
		3DADACE428BCF5B7000BBC34 /* Resources */ = {
			isa = PBXResourcesBuildPhase;
			buildActionMask = 2147483647;
			files = (
				3DADACF628BCF5B7000BBC34 /* LaunchScreen.storyboard in Resources */,
				3DADACF328BCF5B7000BBC34 /* Assets.xcassets in Resources */,
				3DADACF128BCF5B7000BBC34 /* Main.storyboard in Resources */,
			);
			runOnlyForDeploymentPostprocessing = 0;
		};
		3DADACFA28BCF5B8000BBC34 /* Resources */ = {
			isa = PBXResourcesBuildPhase;
			buildActionMask = 2147483647;
			files = (
			);
			runOnlyForDeploymentPostprocessing = 0;
		};
		3DADAD0428BCF5B8000BBC34 /* Resources */ = {
			isa = PBXResourcesBuildPhase;
			buildActionMask = 2147483647;
			files = (
			);
			runOnlyForDeploymentPostprocessing = 0;
		};
/* End PBXResourcesBuildPhase section */

/* Begin PBXSourcesBuildPhase section */
		3DADACE228BCF5B7000BBC34 /* Sources */ = {
			isa = PBXSourcesBuildPhase;
			buildActionMask = 2147483647;
			files = (
				3DADACEE28BCF5B7000BBC34 /* ViewController.swift in Sources */,
				3DADACEA28BCF5B7000BBC34 /* AppDelegate.swift in Sources */,
				3DADACEC28BCF5B7000BBC34 /* SceneDelegate.swift in Sources */,
			);
			runOnlyForDeploymentPostprocessing = 0;
		};
		3DADACF828BCF5B8000BBC34 /* Sources */ = {
			isa = PBXSourcesBuildPhase;
			buildActionMask = 2147483647;
			files = (
				3DADAD0128BCF5B8000BBC34 /* StockRankTests.swift in Sources */,
			);
			runOnlyForDeploymentPostprocessing = 0;
		};
		3DADAD0228BCF5B8000BBC34 /* Sources */ = {
			isa = PBXSourcesBuildPhase;
			buildActionMask = 2147483647;
			files = (
				3DADAD0B28BCF5B8000BBC34 /* StockRankUITests.swift in Sources */,
				3DADAD0D28BCF5B8000BBC34 /* StockRankUITestsLaunchTests.swift in Sources */,
			);
			runOnlyForDeploymentPostprocessing = 0;
		};
/* End PBXSourcesBuildPhase section */

/* Begin PBXTargetDependency section */
		3DADACFE28BCF5B8000BBC34 /* PBXTargetDependency */ = {
			isa = PBXTargetDependency;
			target = 3DADACE528BCF5B7000BBC34 /* StockRank */;
			targetProxy = 3DADACFD28BCF5B8000BBC34 /* PBXContainerItemProxy */;
		};
		3DADAD0828BCF5B8000BBC34 /* PBXTargetDependency */ = {
			isa = PBXTargetDependency;
			target = 3DADACE528BCF5B7000BBC34 /* StockRank */;
			targetProxy = 3DADAD0728BCF5B8000BBC34 /* PBXContainerItemProxy */;
		};
/* End PBXTargetDependency section */

/* Begin PBXVariantGroup section */
		3DADACEF28BCF5B7000BBC34 /* Main.storyboard */ = {
			isa = PBXVariantGroup;
			children = (
				3DADACF028BCF5B7000BBC34 /* Base */,
			);
			name = Main.storyboard;
			sourceTree = "<group>";
		};
		3DADACF428BCF5B7000BBC34 /* LaunchScreen.storyboard */ = {
			isa = PBXVariantGroup;
			children = (
				3DADACF528BCF5B7000BBC34 /* Base */,
			);
			name = LaunchScreen.storyboard;
			sourceTree = "<group>";
		};
/* End PBXVariantGroup section */

/* Begin XCBuildConfiguration section */
		3DADAD0E28BCF5B8000BBC34 /* Debug */ = {
			isa = XCBuildConfiguration;
			buildSettings = {
				ALWAYS_SEARCH_USER_PATHS = NO;
				CLANG_ANALYZER_NONNULL = YES;
				CLANG_ANALYZER_NUMBER_OBJECT_CONVERSION = YES_AGGRESSIVE;
				CLANG_CXX_LANGUAGE_STANDARD = "gnu++17";
				CLANG_ENABLE_MODULES = YES;
				CLANG_ENABLE_OBJC_ARC = YES;
				CLANG_ENABLE_OBJC_WEAK = YES;
				CLANG_WARN_BLOCK_CAPTURE_AUTORELEASING = YES;
				CLANG_WARN_BOOL_CONVERSION = YES;
				CLANG_WARN_COMMA = YES;
				CLANG_WARN_CONSTANT_CONVERSION = YES;
				CLANG_WARN_DEPRECATED_OBJC_IMPLEMENTATIONS = YES;
				CLANG_WARN_DIRECT_OBJC_ISA_USAGE = YES_ERROR;
				CLANG_WARN_DOCUMENTATION_COMMENTS = YES;
				CLANG_WARN_EMPTY_BODY = YES;
				CLANG_WARN_ENUM_CONVERSION = YES;
				CLANG_WARN_INFINITE_RECURSION = YES;
				CLANG_WARN_INT_CONVERSION = YES;
				CLANG_WARN_NON_LITERAL_NULL_CONVERSION = YES;
				CLANG_WARN_OBJC_IMPLICIT_RETAIN_SELF = YES;
				CLANG_WARN_OBJC_LITERAL_CONVERSION = YES;
				CLANG_WARN_OBJC_ROOT_CLASS = YES_ERROR;
				CLANG_WARN_QUOTED_INCLUDE_IN_FRAMEWORK_HEADER = YES;
				CLANG_WARN_RANGE_LOOP_ANALYSIS = YES;
				CLANG_WARN_STRICT_PROTOTYPES = YES;
				CLANG_WARN_SUSPICIOUS_MOVE = YES;
				CLANG_WARN_UNGUARDED_AVAILABILITY = YES_AGGRESSIVE;
				CLANG_WARN_UNREACHABLE_CODE = YES;
				CLANG_WARN__DUPLICATE_METHOD_MATCH = YES;
				COPY_PHASE_STRIP = NO;
				DEBUG_INFORMATION_FORMAT = dwarf;
				ENABLE_STRICT_OBJC_MSGSEND = YES;
				ENABLE_TESTABILITY = YES;
				GCC_C_LANGUAGE_STANDARD = gnu11;
				GCC_DYNAMIC_NO_PIC = NO;
				GCC_NO_COMMON_BLOCKS = YES;
				GCC_OPTIMIZATION_LEVEL = 0;
				GCC_PREPROCESSOR_DEFINITIONS = (
					"DEBUG=1",
					"$(inherited)",
				);
				GCC_WARN_64_TO_32_BIT_CONVERSION = YES;
				GCC_WARN_ABOUT_RETURN_TYPE = YES_ERROR;
				GCC_WARN_UNDECLARED_SELECTOR = YES;
				GCC_WARN_UNINITIALIZED_AUTOS = YES_AGGRESSIVE;
				GCC_WARN_UNUSED_FUNCTION = YES;
				GCC_WARN_UNUSED_VARIABLE = YES;
				IPHONEOS_DEPLOYMENT_TARGET = 15.5;
				MTL_ENABLE_DEBUG_INFO = INCLUDE_SOURCE;
				MTL_FAST_MATH = YES;
				ONLY_ACTIVE_ARCH = YES;
				SDKROOT = iphoneos;
				SWIFT_ACTIVE_COMPILATION_CONDITIONS = DEBUG;
				SWIFT_OPTIMIZATION_LEVEL = "-Onone";
			};
			name = Debug;
		};
		3DADAD0F28BCF5B8000BBC34 /* Release */ = {
			isa = XCBuildConfiguration;
			buildSettings = {
				ALWAYS_SEARCH_USER_PATHS = NO;
				CLANG_ANALYZER_NONNULL = YES;
				CLANG_ANALYZER_NUMBER_OBJECT_CONVERSION = YES_AGGRESSIVE;
				CLANG_CXX_LANGUAGE_STANDARD = "gnu++17";
				CLANG_ENABLE_MODULES = YES;
				CLANG_ENABLE_OBJC_ARC = YES;
				CLANG_ENABLE_OBJC_WEAK = YES;
				CLANG_WARN_BLOCK_CAPTURE_AUTORELEASING = YES;
				CLANG_WARN_BOOL_CONVERSION = YES;
				CLANG_WARN_COMMA = YES;
				CLANG_WARN_CONSTANT_CONVERSION = YES;
				CLANG_WARN_DEPRECATED_OBJC_IMPLEMENTATIONS = YES;
				CLANG_WARN_DIRECT_OBJC_ISA_USAGE = YES_ERROR;
				CLANG_WARN_DOCUMENTATION_COMMENTS = YES;
				CLANG_WARN_EMPTY_BODY = YES;
				CLANG_WARN_ENUM_CONVERSION = YES;
				CLANG_WARN_INFINITE_RECURSION = YES;
				CLANG_WARN_INT_CONVERSION = YES;
				CLANG_WARN_NON_LITERAL_NULL_CONVERSION = YES;
				CLANG_WARN_OBJC_IMPLICIT_RETAIN_SELF = YES;
				CLANG_WARN_OBJC_LITERAL_CONVERSION = YES;
				CLANG_WARN_OBJC_ROOT_CLASS = YES_ERROR;
				CLANG_WARN_QUOTED_INCLUDE_IN_FRAMEWORK_HEADER = YES;
				CLANG_WARN_RANGE_LOOP_ANALYSIS = YES;
				CLANG_WARN_STRICT_PROTOTYPES = YES;
				CLANG_WARN_SUSPICIOUS_MOVE = YES;
				CLANG_WARN_UNGUARDED_AVAILABILITY = YES_AGGRESSIVE;
				CLANG_WARN_UNREACHABLE_CODE = YES;
				CLANG_WARN__DUPLICATE_METHOD_MATCH = YES;
				COPY_PHASE_STRIP = NO;
				DEBUG_INFORMATION_FORMAT = "dwarf-with-dsym";
				ENABLE_NS_ASSERTIONS = NO;
				ENABLE_STRICT_OBJC_MSGSEND = YES;
				GCC_C_LANGUAGE_STANDARD = gnu11;
				GCC_NO_COMMON_BLOCKS = YES;
				GCC_WARN_64_TO_32_BIT_CONVERSION = YES;
				GCC_WARN_ABOUT_RETURN_TYPE = YES_ERROR;
				GCC_WARN_UNDECLARED_SELECTOR = YES;
				GCC_WARN_UNINITIALIZED_AUTOS = YES_AGGRESSIVE;
				GCC_WARN_UNUSED_FUNCTION = YES;
				GCC_WARN_UNUSED_VARIABLE = YES;
				IPHONEOS_DEPLOYMENT_TARGET = 15.5;
				MTL_ENABLE_DEBUG_INFO = NO;
				MTL_FAST_MATH = YES;
				SDKROOT = iphoneos;
				SWIFT_COMPILATION_MODE = wholemodule;
				SWIFT_OPTIMIZATION_LEVEL = "-O";
				VALIDATE_PRODUCT = YES;
			};
			name = Release;
		};
		3DADAD1128BCF5B8000BBC34 /* Debug */ = {
			isa = XCBuildConfiguration;
			buildSettings = {
				ASSETCATALOG_COMPILER_APPICON_NAME = AppIcon;
				ASSETCATALOG_COMPILER_GLOBAL_ACCENT_COLOR_NAME = AccentColor;
				CODE_SIGN_STYLE = Automatic;
				CURRENT_PROJECT_VERSION = 1;
				DEVELOPMENT_TEAM = WG887QB5A6;
				GENERATE_INFOPLIST_FILE = YES;
				INFOPLIST_FILE = StockRank/Info.plist;
				INFOPLIST_KEY_UIApplicationSupportsIndirectInputEvents = YES;
				INFOPLIST_KEY_UILaunchStoryboardName = LaunchScreen;
				INFOPLIST_KEY_UIMainStoryboardFile = Main;
				INFOPLIST_KEY_UISupportedInterfaceOrientations_iPad = "UIInterfaceOrientationPortrait UIInterfaceOrientationPortraitUpsideDown UIInterfaceOrientationLandscapeLeft UIInterfaceOrientationLandscapeRight";
				INFOPLIST_KEY_UISupportedInterfaceOrientations_iPhone = "UIInterfaceOrientationPortrait UIInterfaceOrientationLandscapeLeft UIInterfaceOrientationLandscapeRight";
				LD_RUNPATH_SEARCH_PATHS = (
					"$(inherited)",
					"@executable_path/Frameworks",
				);
				MARKETING_VERSION = 1.0;
				PRODUCT_BUNDLE_IDENTIFIER = kr.meng.StockRank;
				PRODUCT_NAME = "$(TARGET_NAME)";
				SWIFT_EMIT_LOC_STRINGS = YES;
				SWIFT_VERSION = 5.0;
				TARGETED_DEVICE_FAMILY = "1,2";
			};
			name = Debug;
		};
		3DADAD1228BCF5B8000BBC34 /* Release */ = {
			isa = XCBuildConfiguration;
			buildSettings = {
				ASSETCATALOG_COMPILER_APPICON_NAME = AppIcon;
				ASSETCATALOG_COMPILER_GLOBAL_ACCENT_COLOR_NAME = AccentColor;
				CODE_SIGN_STYLE = Automatic;
				CURRENT_PROJECT_VERSION = 1;
				DEVELOPMENT_TEAM = WG887QB5A6;
				GENERATE_INFOPLIST_FILE = YES;
				INFOPLIST_FILE = StockRank/Info.plist;
				INFOPLIST_KEY_UIApplicationSupportsIndirectInputEvents = YES;
				INFOPLIST_KEY_UILaunchStoryboardName = LaunchScreen;
				INFOPLIST_KEY_UIMainStoryboardFile = Main;
				INFOPLIST_KEY_UISupportedInterfaceOrientations_iPad = "UIInterfaceOrientationPortrait UIInterfaceOrientationPortraitUpsideDown UIInterfaceOrientationLandscapeLeft UIInterfaceOrientationLandscapeRight";
				INFOPLIST_KEY_UISupportedInterfaceOrientations_iPhone = "UIInterfaceOrientationPortrait UIInterfaceOrientationLandscapeLeft UIInterfaceOrientationLandscapeRight";
				LD_RUNPATH_SEARCH_PATHS = (
					"$(inherited)",
					"@executable_path/Frameworks",
				);
				MARKETING_VERSION = 1.0;
				PRODUCT_BUNDLE_IDENTIFIER = kr.meng.StockRank;
				PRODUCT_NAME = "$(TARGET_NAME)";
				SWIFT_EMIT_LOC_STRINGS = YES;
				SWIFT_VERSION = 5.0;
				TARGETED_DEVICE_FAMILY = "1,2";
			};
			name = Release;
		};
		3DADAD1428BCF5B8000BBC34 /* Debug */ = {
			isa = XCBuildConfiguration;
			buildSettings = {
				ALWAYS_EMBED_SWIFT_STANDARD_LIBRARIES = YES;
				BUNDLE_LOADER = "$(TEST_HOST)";
				CODE_SIGN_STYLE = Automatic;
				CURRENT_PROJECT_VERSION = 1;
				DEVELOPMENT_TEAM = WG887QB5A6;
				GENERATE_INFOPLIST_FILE = YES;
				IPHONEOS_DEPLOYMENT_TARGET = 15.5;
				MARKETING_VERSION = 1.0;
				PRODUCT_BUNDLE_IDENTIFIER = kr.meng.StockRankTests;
				PRODUCT_NAME = "$(TARGET_NAME)";
				SWIFT_EMIT_LOC_STRINGS = NO;
				SWIFT_VERSION = 5.0;
				TARGETED_DEVICE_FAMILY = "1,2";
				TEST_HOST = "$(BUILT_PRODUCTS_DIR)/StockRank.app/StockRank";
			};
			name = Debug;
		};
		3DADAD1528BCF5B8000BBC34 /* Release */ = {
			isa = XCBuildConfiguration;
			buildSettings = {
				ALWAYS_EMBED_SWIFT_STANDARD_LIBRARIES = YES;
				BUNDLE_LOADER = "$(TEST_HOST)";
				CODE_SIGN_STYLE = Automatic;
				CURRENT_PROJECT_VERSION = 1;
				DEVELOPMENT_TEAM = WG887QB5A6;
				GENERATE_INFOPLIST_FILE = YES;
				IPHONEOS_DEPLOYMENT_TARGET = 15.5;
				MARKETING_VERSION = 1.0;
				PRODUCT_BUNDLE_IDENTIFIER = kr.meng.StockRankTests;
				PRODUCT_NAME = "$(TARGET_NAME)";
				SWIFT_EMIT_LOC_STRINGS = NO;
				SWIFT_VERSION = 5.0;
				TARGETED_DEVICE_FAMILY = "1,2";
				TEST_HOST = "$(BUILT_PRODUCTS_DIR)/StockRank.app/StockRank";
			};
			name = Release;
		};
		3DADAD1728BCF5B8000BBC34 /* Debug */ = {
			isa = XCBuildConfiguration;
			buildSettings = {
				ALWAYS_EMBED_SWIFT_STANDARD_LIBRARIES = YES;
				CODE_SIGN_STYLE = Automatic;
				CURRENT_PROJECT_VERSION = 1;
				DEVELOPMENT_TEAM = WG887QB5A6;
				GENERATE_INFOPLIST_FILE = YES;
				MARKETING_VERSION = 1.0;
				PRODUCT_BUNDLE_IDENTIFIER = kr.meng.StockRankUITests;
				PRODUCT_NAME = "$(TARGET_NAME)";
				SWIFT_EMIT_LOC_STRINGS = NO;
				SWIFT_VERSION = 5.0;
				TARGETED_DEVICE_FAMILY = "1,2";
				TEST_TARGET_NAME = StockRank;
			};
			name = Debug;
		};
		3DADAD1828BCF5B8000BBC34 /* Release */ = {
			isa = XCBuildConfiguration;
			buildSettings = {
				ALWAYS_EMBED_SWIFT_STANDARD_LIBRARIES = YES;
				CODE_SIGN_STYLE = Automatic;
				CURRENT_PROJECT_VERSION = 1;
				DEVELOPMENT_TEAM = WG887QB5A6;
				GENERATE_INFOPLIST_FILE = YES;
				MARKETING_VERSION = 1.0;
				PRODUCT_BUNDLE_IDENTIFIER = kr.meng.StockRankUITests;
				PRODUCT_NAME = "$(TARGET_NAME)";
				SWIFT_EMIT_LOC_STRINGS = NO;
				SWIFT_VERSION = 5.0;
				TARGETED_DEVICE_FAMILY = "1,2";
				TEST_TARGET_NAME = StockRank;
			};
			name = Release;
		};
/* End XCBuildConfiguration section */

/* Begin XCConfigurationList section */
		3DADACE128BCF5B7000BBC34 /* Build configuration list for PBXProject "StockRank" */ = {
			isa = XCConfigurationList;
			buildConfigurations = (
				3DADAD0E28BCF5B8000BBC34 /* Debug */,
				3DADAD0F28BCF5B8000BBC34 /* Release */,
			);
			defaultConfigurationIsVisible = 0;
			defaultConfigurationName = Release;
		};
		3DADAD1028BCF5B8000BBC34 /* Build configuration list for PBXNativeTarget "StockRank" */ = {
			isa = XCConfigurationList;
			buildConfigurations = (
				3DADAD1128BCF5B8000BBC34 /* Debug */,
				3DADAD1228BCF5B8000BBC34 /* Release */,
			);
			defaultConfigurationIsVisible = 0;
			defaultConfigurationName = Release;
		};
		3DADAD1328BCF5B8000BBC34 /* Build configuration list for PBXNativeTarget "StockRankTests" */ = {
			isa = XCConfigurationList;
			buildConfigurations = (
				3DADAD1428BCF5B8000BBC34 /* Debug */,
				3DADAD1528BCF5B8000BBC34 /* Release */,
			);
			defaultConfigurationIsVisible = 0;
			defaultConfigurationName = Release;
		};
		3DADAD1628BCF5B8000BBC34 /* Build configuration list for PBXNativeTarget "StockRankUITests" */ = {
			isa = XCConfigurationList;
			buildConfigurations = (
				3DADAD1728BCF5B8000BBC34 /* Debug */,
				3DADAD1828BCF5B8000BBC34 /* Release */,
			);
			defaultConfigurationIsVisible = 0;
			defaultConfigurationName = Release;
		};
/* End XCConfigurationList section */
	};
	rootObject = 3DADACDE28BCF5B7000BBC34 /* Project object */;
}
